
Microsoft Visual Studio Solution File, Format Version 12.00
# Visual Studio Version 17
VisualStudioVersion = 17.2.32602.215
MinimumVisualStudioVersion = 10.0.40219.1
Project("{FAE04EC0-301F-11D3-BF4B-00C04F79EFBC}") = "Assignment_4_GUI", "Assignment_4_GUI\Assignment_4_GUI.csproj", "{0DA16EAC-BE5D-438E-9C66-F3A234DC76EC}"
EndProject
Global
	GlobalSection(SolutionConfigurationPlatforms) = preSolution
		Debug|Any CPU = Debug|Any CPU
		Release|Any CPU = Release|Any CPU
	EndGlobalSection
	GlobalSection(ProjectConfigurationPlatforms) = postSolution
		{0DA16EAC-BE5D-438E-9C66-F3A234DC76EC}.Debug|Any CPU.ActiveCfg = Debug|Any CPU
		{0DA16EAC-BE5D-438E-9C66-F3A234DC76EC}.Debug|Any CPU.Build.0 = Debug|Any CPU
		{0DA16EAC-BE5D-438E-9C66-F3A234DC76EC}.Release|Any CPU.ActiveCfg = Release|Any CPU
		{0DA16EAC-BE5D-438E-9C66-F3A234DC76EC}.Release|Any CPU.Build.0 = Release|Any CPU
	EndGlobalSection
	GlobalSection(SolutionProperties) = preSolution
		HideSolutionNode = FALSE
	EndGlobalSection
	GlobalSection(ExtensibilityGlobals) = postSolution
		SolutionGuid = {5005DA09-547A-4121-8E1F-40E3713462AB}
	EndGlobalSection
EndGlobal
